
Microsoft Visual Studio Solution File, Format Version 12.00
# Visual Studio 15
VisualStudioVersion = 15.0.27428.2005
MinimumVisualStudioVersion = 10.0.40219.1
Project("{FAE04EC0-301F-11D3-BF4B-00C04F79EFBC}") = "kostka", "kostka\kostka.csproj", "{FF3C56BE-C54F-44F8-80ED-C2041C70997F}"
EndProject
Global
	GlobalSection(SolutionConfigurationPlatforms) = preSolution
		Debug|x86 = Debug|x86
		Release|x86 = Release|x86
	EndGlobalSection
	GlobalSection(ProjectConfigurationPlatforms) = postSolution
		{FF3C56BE-C54F-44F8-80ED-C2041C70997F}.Debug|x86.ActiveCfg = Debug|x86
		{FF3C56BE-C54F-44F8-80ED-C2041C70997F}.Debug|x86.Build.0 = Debug|x86
		{FF3C56BE-C54F-44F8-80ED-C2041C70997F}.Release|x86.ActiveCfg = Release|x86
		{FF3C56BE-C54F-44F8-80ED-C2041C70997F}.Release|x86.Build.0 = Release|x86
	EndGlobalSection
	GlobalSection(SolutionProperties) = preSolution
		HideSolutionNode = FALSE
	EndGlobalSection
	GlobalSection(ExtensibilityGlobals) = postSolution
		SolutionGuid = {173C70E1-08A7-4656-B46E-5B135C1EAFED}
	EndGlobalSection
EndGlobal
